
Microsoft Visual Studio Solution File, Format Version 12.00
# Visual Studio Version 17
VisualStudioVersion = 17.11.35222.181
MinimumVisualStudioVersion = 10.0.40219.1
Project("{54A90642-561A-4BB1-A94E-469ADEE60C69}") = "chasingfreedom", "chasingfreedom.esproj", "{8BBEE208-79AA-444D-950E-0D6B36521335}"
EndProject
Global
	GlobalSection(SolutionConfigurationPlatforms) = preSolution
		Debug|Any CPU = Debug|Any CPU
		Release|Any CPU = Release|Any CPU
	EndGlobalSection
	GlobalSection(ProjectConfigurationPlatforms) = postSolution
		{8BBEE208-79AA-444D-950E-0D6B36521335}.Debug|Any CPU.ActiveCfg = Debug|Any CPU
		{8BBEE208-79AA-444D-950E-0D6B36521335}.Debug|Any CPU.Build.0 = Debug|Any CPU
		{8BBEE208-79AA-444D-950E-0D6B36521335}.Debug|Any CPU.Deploy.0 = Debug|Any CPU
		{8BBEE208-79AA-444D-950E-0D6B36521335}.Release|Any CPU.ActiveCfg = Release|Any CPU
		{8BBEE208-79AA-444D-950E-0D6B36521335}.Release|Any CPU.Build.0 = Release|Any CPU
		{8BBEE208-79AA-444D-950E-0D6B36521335}.Release|Any CPU.Deploy.0 = Release|Any CPU
	EndGlobalSection
	GlobalSection(SolutionProperties) = preSolution
		HideSolutionNode = FALSE
	EndGlobalSection
	GlobalSection(ExtensibilityGlobals) = postSolution
		SolutionGuid = {59F3B686-595B-4300-8332-B69C13D1D3B5}
	EndGlobalSection
EndGlobal
